
Microsoft Visual Studio Solution File, Format Version 12.00
# Visual Studio Version 17
VisualStudioVersion = 17.5.33516.290
MinimumVisualStudioVersion = 10.0.40219.1
Project("{FAE04EC0-301F-11D3-BF4B-00C04F79EFBC}") = "MakeHardlinks", "MakeHardlinks\MakeHardlinks.csproj", "{091285CE-AFE7-43E2-9FFA-9A3B44C651DA}"
EndProject
Global
	GlobalSection(SolutionConfigurationPlatforms) = preSolution
		Debug|Any CPU = Debug|Any CPU
		Release|Any CPU = Release|Any CPU
	EndGlobalSection
	GlobalSection(ProjectConfigurationPlatforms) = postSolution
		{091285CE-AFE7-43E2-9FFA-9A3B44C651DA}.Debug|Any CPU.ActiveCfg = Debug|Any CPU
		{091285CE-AFE7-43E2-9FFA-9A3B44C651DA}.Debug|Any CPU.Build.0 = Debug|Any CPU
		{091285CE-AFE7-43E2-9FFA-9A3B44C651DA}.Release|Any CPU.ActiveCfg = Release|Any CPU
		{091285CE-AFE7-43E2-9FFA-9A3B44C651DA}.Release|Any CPU.Build.0 = Release|Any CPU
	EndGlobalSection
	GlobalSection(SolutionProperties) = preSolution
		HideSolutionNode = FALSE
	EndGlobalSection
	GlobalSection(ExtensibilityGlobals) = postSolution
		SolutionGuid = {F1FB020E-8118-4638-B9CA-0F2276BFE7EA}
	EndGlobalSection
EndGlobal
